
Microsoft Visual Studio Solution File, Format Version 12.00
# Visual Studio Version 17
VisualStudioVersion = 17.0.32112.339
MinimumVisualStudioVersion = 10.0.40219.1
Project("{FAE04EC0-301F-11D3-BF4B-00C04F79EFBC}") = "SfComboBoxUwpSuggestionPlacement.UWP", "SfComboBoxUwpSuggestionPlacement\SfComboBoxUwpSuggestionPlacement.UWP\SfComboBoxUwpSuggestionPlacement.UWP.csproj", "{74FDCC2B-4BE7-4C89-AF50-3869432C164A}"
EndProject
Project("{FAE04EC0-301F-11D3-BF4B-00C04F79EFBC}") = "SfComboBoxUwpSuggestionPlacement.Android", "SfComboBoxUwpSuggestionPlacement\SfComboBoxUwpSuggestionPlacement.Android\SfComboBoxUwpSuggestionPlacement.Android.csproj", "{09F25AF4-3CA6-4F1B-803F-5A219CD540B2}"
EndProject
Project("{FAE04EC0-301F-11D3-BF4B-00C04F79EFBC}") = "SfComboBoxUwpSuggestionPlacement.iOS", "SfComboBoxUwpSuggestionPlacement\SfComboBoxUwpSuggestionPlacement.iOS\SfComboBoxUwpSuggestionPlacement.iOS.csproj", "{635A0E56-3CDE-48EC-9A37-646C78AAC8F0}"
EndProject
Project("{FAE04EC0-301F-11D3-BF4B-00C04F79EFBC}") = "SfComboBoxUwpSuggestionPlacement", "SfComboBoxUwpSuggestionPlacement\SfComboBoxUwpSuggestionPlacement\SfComboBoxUwpSuggestionPlacement.csproj", "{97CF5BE6-D337-469E-821E-5CDF7D52B367}"
EndProject
Global
	GlobalSection(SolutionConfigurationPlatforms) = preSolution
		Debug|Any CPU = Debug|Any CPU
		Debug|ARM = Debug|ARM
		Debug|iPhone = Debug|iPhone
		Debug|iPhoneSimulator = Debug|iPhoneSimulator
		Debug|x64 = Debug|x64
		Debug|x86 = Debug|x86
		Release|Any CPU = Release|Any CPU
		Release|ARM = Release|ARM
		Release|iPhone = Release|iPhone
		Release|iPhoneSimulator = Release|iPhoneSimulator
		Release|x64 = Release|x64
		Release|x86 = Release|x86
	EndGlobalSection
	GlobalSection(ProjectConfigurationPlatforms) = postSolution
		{74FDCC2B-4BE7-4C89-AF50-3869432C164A}.Debug|Any CPU.ActiveCfg = Debug|x64
		{74FDCC2B-4BE7-4C89-AF50-3869432C164A}.Debug|Any CPU.Build.0 = Debug|x64
		{74FDCC2B-4BE7-4C89-AF50-3869432C164A}.Debug|Any CPU.Deploy.0 = Debug|x64
		{74FDCC2B-4BE7-4C89-AF50-3869432C164A}.Debug|ARM.ActiveCfg = Debug|ARM
		{74FDCC2B-4BE7-4C89-AF50-3869432C164A}.Debug|ARM.Build.0 = Debug|ARM
		{74FDCC2B-4BE7-4C89-AF50-3869432C164A}.Debug|ARM.Deploy.0 = Debug|ARM
		{74FDCC2B-4BE7-4C89-AF50-3869432C164A}.Debug|iPhone.ActiveCfg = Debug|x64
		{74FDCC2B-4BE7-4C89-AF50-3869432C164A}.Debug|iPhone.Build.0 = Debug|x64
		{74FDCC2B-4BE7-4C89-AF50-3869432C164A}.Debug|iPhone.Deploy.0 = Debug|x64
		{74FDCC2B-4BE7-4C89-AF50-3869432C164A}.Debug|iPhoneSimulator.ActiveCfg = Debug|x64
		{74FDCC2B-4BE7-4C89-AF50-3869432C164A}.Debug|iPhoneSimulator.Build.0 = Debug|x64
		{74FDCC2B-4BE7-4C89-AF50-3869432C164A}.Debug|iPhoneSimulator.Deploy.0 = Debug|x64
		{74FDCC2B-4BE7-4C89-AF50-3869432C164A}.Debug|x64.ActiveCfg = Debug|x64
		{74FDCC2B-4BE7-4C89-AF50-3869432C164A}.Debug|x64.Build.0 = Debug|x64
		{74FDCC2B-4BE7-4C89-AF50-3869432C164A}.Debug|x64.Deploy.0 = Debug|x64
		{74FDCC2B-4BE7-4C89-AF50-3869432C164A}.Debug|x86.ActiveCfg = Debug|x86
		{74FDCC2B-4BE7-4C89-AF50-3869432C164A}.Debug|x86.Build.0 = Debug|x86
		{74FDCC2B-4BE7-4C89-AF50-3869432C164A}.Debug|x86.Deploy.0 = Debug|x86
		{74FDCC2B-4BE7-4C89-AF50-3869432C164A}.Release|Any CPU.ActiveCfg = Release|x64
		{74FDCC2B-4BE7-4C89-AF50-3869432C164A}.Release|Any CPU.Build.0 = Release|x64
		{74FDCC2B-4BE7-4C89-AF50-3869432C164A}.Release|Any CPU.Deploy.0 = Release|x64
		{74FDCC2B-4BE7-4C89-AF50-3869432C164A}.Release|ARM.ActiveCfg = Release|ARM
		{74FDCC2B-4BE7-4C89-AF50-3869432C164A}.Release|ARM.Build.0 = Release|ARM
		{74FDCC2B-4BE7-4C89-AF50-3869432C164A}.Release|ARM.Deploy.0 = Release|ARM
		{74FDCC2B-4BE7-4C89-AF50-3869432C164A}.Release|iPhone.ActiveCfg = Release|x64
		{74FDCC2B-4BE7-4C89-AF50-3869432C164A}.Release|iPhone.Build.0 = Release|x64
		{74FDCC2B-4BE7-4C89-AF50-3869432C164A}.Release|iPhone.Deploy.0 = Release|x64
		{74FDCC2B-4BE7-4C89-AF50-3869432C164A}.Release|iPhoneSimulator.ActiveCfg = Release|x64
		{74FDCC2B-4BE7-4C89-AF50-3869432C164A}.Release|iPhoneSimulator.Build.0 = Release|x64
		{74FDCC2B-4BE7-4C89-AF50-3869432C164A}.Release|iPhoneSimulator.Deploy.0 = Release|x64
		{74FDCC2B-4BE7-4C89-AF50-3869432C164A}.Release|x64.ActiveCfg = Release|x64
		{74FDCC2B-4BE7-4C89-AF50-3869432C164A}.Release|x64.Build.0 = Release|x64
		{74FDCC2B-4BE7-4C89-AF50-3869432C164A}.Release|x64.Deploy.0 = Release|x64
		{74FDCC2B-4BE7-4C89-AF50-3869432C164A}.Release|x86.ActiveCfg = Release|x86
		{74FDCC2B-4BE7-4C89-AF50-3869432C164A}.Release|x86.Build.0 = Release|x86
		{74FDCC2B-4BE7-4C89-AF50-3869432C164A}.Release|x86.Deploy.0 = Release|x86
		{09F25AF4-3CA6-4F1B-803F-5A219CD540B2}.Debug|Any CPU.ActiveCfg = Debug|Any CPU
		{09F25AF4-3CA6-4F1B-803F-5A219CD540B2}.Debug|Any CPU.Build.0 = Debug|Any CPU
		{09F25AF4-3CA6-4F1B-803F-5A219CD540B2}.Debug|Any CPU.Deploy.0 = Debug|Any CPU
		{09F25AF4-3CA6-4F1B-803F-5A219CD540B2}.Debug|ARM.ActiveCfg = Debug|Any CPU
		{09F25AF4-3CA6-4F1B-803F-5A219CD540B2}.Debug|ARM.Build.0 = Debug|Any CPU
		{09F25AF4-3CA6-4F1B-803F-5A219CD540B2}.Debug|ARM.Deploy.0 = Debug|Any CPU
		{09F25AF4-3CA6-4F1B-803F-5A219CD540B2}.Debug|iPhone.ActiveCfg = Debug|Any CPU
		{09F25AF4-3CA6-4F1B-803F-5A219CD540B2}.Debug|iPhone.Build.0 = Debug|Any CPU
		{09F25AF4-3CA6-4F1B-803F-5A219CD540B2}.Debug|iPhone.Deploy.0 = Debug|Any CPU
		{09F25AF4-3CA6-4F1B-803F-5A219CD540B2}.Debug|iPhoneSimulator.ActiveCfg = Debug|Any CPU
		{09F25AF4-3CA6-4F1B-803F-5A219CD540B2}.Debug|iPhoneSimulator.Build.0 = Debug|Any CPU
		{09F25AF4-3CA6-4F1B-803F-5A219CD540B2}.Debug|iPhoneSimulator.Deploy.0 = Debug|Any CPU
		{09F25AF4-3CA6-4F1B-803F-5A219CD540B2}.Debug|x64.ActiveCfg = Debug|Any CPU
		{09F25AF4-3CA6-4F1B-803F-5A219CD540B2}.Debug|x64.Build.0 = Debug|Any CPU
		{09F25AF4-3CA6-4F1B-803F-5A219CD540B2}.Debug|x64.Deploy.0 = Debug|Any CPU
		{09F25AF4-3CA6-4F1B-803F-5A219CD540B2}.Debug|x86.ActiveCfg = Debug|Any CPU
		{09F25AF4-3CA6-4F1B-803F-5A219CD540B2}.Debug|x86.Build.0 = Debug|Any CPU
		{09F25AF4-3CA6-4F1B-803F-5A219CD540B2}.Debug|x86.Deploy.0 = Debug|Any CPU
		{09F25AF4-3CA6-4F1B-803F-5A219CD540B2}.Release|Any CPU.ActiveCfg = Release|Any CPU
		{09F25AF4-3CA6-4F1B-803F-5A219CD540B2}.Release|Any CPU.Build.0 = Release|Any CPU
		{09F25AF4-3CA6-4F1B-803F-5A219CD540B2}.Release|Any CPU.Deploy.0 = Release|Any CPU
		{09F25AF4-3CA6-4F1B-803F-5A219CD540B2}.Release|ARM.ActiveCfg = Release|Any CPU
		{09F25AF4-3CA6-4F1B-803F-5A219CD540B2}.Release|ARM.Build.0 = Release|Any CPU
		{09F25AF4-3CA6-4F1B-803F-5A219CD540B2}.Release|ARM.Deploy.0 = Release|Any CPU
		{09F25AF4-3CA6-4F1B-803F-5A219CD540B2}.Release|iPhone.ActiveCfg = Release|Any CPU
		{09F25AF4-3CA6-4F1B-803F-5A219CD540B2}.Release|iPhone.Build.0 = Release|Any CPU
		{09F25AF4-3CA6-4F1B-803F-5A219CD540B2}.Release|iPhone.Deploy.0 = Release|Any CPU
		{09F25AF4-3CA6-4F1B-803F-5A219CD540B2}.Release|iPhoneSimulator.ActiveCfg = Release|Any CPU
		{09F25AF4-3CA6-4F1B-803F-5A219CD540B2}.Release|iPhoneSimulator.Build.0 = Release|Any CPU
		{09F25AF4-3CA6-4F1B-803F-5A219CD540B2}.Release|iPhoneSimulator.Deploy.0 = Release|Any CPU
		{09F25AF4-3CA6-4F1B-803F-5A219CD540B2}.Release|x64.ActiveCfg = Release|Any CPU
		{09F25AF4-3CA6-4F1B-803F-5A219CD540B2}.Release|x64.Build.0 = Release|Any CPU
		{09F25AF4-3CA6-4F1B-803F-5A219CD540B2}.Release|x64.Deploy.0 = Release|Any CPU
		{09F25AF4-3CA6-4F1B-803F-5A219CD540B2}.Release|x86.ActiveCfg = Release|Any CPU
		{09F25AF4-3CA6-4F1B-803F-5A219CD540B2}.Release|x86.Build.0 = Release|Any CPU
		{09F25AF4-3CA6-4F1B-803F-5A219CD540B2}.Release|x86.Deploy.0 = Release|Any CPU
		{635A0E56-3CDE-48EC-9A37-646C78AAC8F0}.Debug|Any CPU.ActiveCfg = Debug|iPhoneSimulator
		{635A0E56-3CDE-48EC-9A37-646C78AAC8F0}.Debug|Any CPU.Build.0 = Debug|iPhoneSimulator
		{635A0E56-3CDE-48EC-9A37-646C78AAC8F0}.Debug|Any CPU.Deploy.0 = Debug|iPhoneSimulator
		{635A0E56-3CDE-48EC-9A37-646C78AAC8F0}.Debug|ARM.ActiveCfg = Debug|iPhoneSimulator
		{635A0E56-3CDE-48EC-9A37-646C78AAC8F0}.Debug|ARM.Build.0 = Debug|iPhoneSimulator
		{635A0E56-3CDE-48EC-9A37-646C78AAC8F0}.Debug|ARM.Deploy.0 = Debug|iPhoneSimulator
		{635A0E56-3CDE-48EC-9A37-646C78AAC8F0}.Debug|iPhone.ActiveCfg = Debug|iPhone
		{635A0E56-3CDE-48EC-9A37-646C78AAC8F0}.Debug|iPhone.Build.0 = Debug|iPhone
		{635A0E56-3CDE-48EC-9A37-646C78AAC8F0}.Debug|iPhone.Deploy.0 = Debug|iPhone
		{635A0E56-3CDE-48EC-9A37-646C78AAC8F0}.Debug|iPhoneSimulator.ActiveCfg = Debug|iPhoneSimulator
		{635A0E56-3CDE-48EC-9A37-646C78AAC8F0}.Debug|iPhoneSimulator.Build.0 = Debug|iPhoneSimulator
		{635A0E56-3CDE-48EC-9A37-646C78AAC8F0}.Debug|iPhoneSimulator.Deploy.0 = Debug|iPhoneSimulator
		{635A0E56-3CDE-48EC-9A37-646C78AAC8F0}.Debug|x64.ActiveCfg = Debug|iPhone
		{635A0E56-3CDE-48EC-9A37-646C78AAC8F0}.Debug|x64.Build.0 = Debug|iPhone
		{635A0E56-3CDE-48EC-9A37-646C78AAC8F0}.Debug|x64.Deploy.0 = Debug|iPhone
		{635A0E56-3CDE-48EC-9A37-646C78AAC8F0}.Debug|x86.ActiveCfg = Debug|iPhoneSimulator
		{635A0E56-3CDE-48EC-9A37-646C78AAC8F0}.Debug|x86.Build.0 = Debug|iPhoneSimulator
		{635A0E56-3CDE-48EC-9A37-646C78AAC8F0}.Debug|x86.Deploy.0 = Debug|iPhoneSimulator
		{635A0E56-3CDE-48EC-9A37-646C78AAC8F0}.Release|Any CPU.ActiveCfg = Release|iPhoneSimulator
		{635A0E56-3CDE-48EC-9A37-646C78AAC8F0}.Release|Any CPU.Build.0 = Release|iPhoneSimulator
		{635A0E56-3CDE-48EC-9A37-646C78AAC8F0}.Release|Any CPU.Deploy.0 = Release|iPhoneSimulator
		{635A0E56-3CDE-48EC-9A37-646C78AAC8F0}.Release|ARM.ActiveCfg = Release|iPhoneSimulator
		{635A0E56-3CDE-48EC-9A37-646C78AAC8F0}.Release|ARM.Build.0 = Release|iPhoneSimulator
		{635A0E56-3CDE-48EC-9A37-646C78AAC8F0}.Release|ARM.Deploy.0 = Release|iPhoneSimulator
		{635A0E56-3CDE-48EC-9A37-646C78AAC8F0}.Release|iPhone.ActiveCfg = Release|iPhone
		{635A0E56-3CDE-48EC-9A37-646C78AAC8F0}.Release|iPhone.Build.0 = Release|iPhone
		{635A0E56-3CDE-48EC-9A37-646C78AAC8F0}.Release|iPhone.Deploy.0 = Release|iPhone
		{635A0E56-3CDE-48EC-9A37-646C78AAC8F0}.Release|iPhoneSimulator.ActiveCfg = Release|iPhoneSimulator
		{635A0E56-3CDE-48EC-9A37-646C78AAC8F0}.Release|iPhoneSimulator.Build.0 = Release|iPhoneSimulator
		{635A0E56-3CDE-48EC-9A37-646C78AAC8F0}.Release|iPhoneSimulator.Deploy.0 = Release|iPhoneSimulator
		{635A0E56-3CDE-48EC-9A37-646C78AAC8F0}.Release|x64.ActiveCfg = Release|iPhoneSimulator
		{635A0E56-3CDE-48EC-9A37-646C78AAC8F0}.Release|x64.Build.0 = Release|iPhoneSimulator
		{635A0E56-3CDE-48EC-9A37-646C78AAC8F0}.Release|x64.Deploy.0 = Release|iPhoneSimulator
		{635A0E56-3CDE-48EC-9A37-646C78AAC8F0}.Release|x86.ActiveCfg = Release|iPhoneSimulator
		{635A0E56-3CDE-48EC-9A37-646C78AAC8F0}.Release|x86.Build.0 = Release|iPhoneSimulator
		{635A0E56-3CDE-48EC-9A37-646C78AAC8F0}.Release|x86.Deploy.0 = Release|iPhoneSimulator
		{97CF5BE6-D337-469E-821E-5CDF7D52B367}.Debug|Any CPU.ActiveCfg = Debug|Any CPU
		{97CF5BE6-D337-469E-821E-5CDF7D52B367}.Debug|Any CPU.Build.0 = Debug|Any CPU
		{97CF5BE6-D337-469E-821E-5CDF7D52B367}.Debug|Any CPU.Deploy.0 = Debug|Any CPU
		{97CF5BE6-D337-469E-821E-5CDF7D52B367}.Debug|ARM.ActiveCfg = Debug|Any CPU
		{97CF5BE6-D337-469E-821E-5CDF7D52B367}.Debug|ARM.Build.0 = Debug|Any CPU
		{97CF5BE6-D337-469E-821E-5CDF7D52B367}.Debug|ARM.Deploy.0 = Debug|Any CPU
		{97CF5BE6-D337-469E-821E-5CDF7D52B367}.Debug|iPhone.ActiveCfg = Debug|Any CPU
		{97CF5BE6-D337-469E-821E-5CDF7D52B367}.Debug|iPhone.Build.0 = Debug|Any CPU
		{97CF5BE6-D337-469E-821E-5CDF7D52B367}.Debug|iPhone.Deploy.0 = Debug|Any CPU
		{97CF5BE6-D337-469E-821E-5CDF7D52B367}.Debug|iPhoneSimulator.ActiveCfg = Debug|Any CPU
		{97CF5BE6-D337-469E-821E-5CDF7D52B367}.Debug|iPhoneSimulator.Build.0 = Debug|Any CPU
		{97CF5BE6-D337-469E-821E-5CDF7D52B367}.Debug|iPhoneSimulator.Deploy.0 = Debug|Any CPU
		{97CF5BE6-D337-469E-821E-5CDF7D52B367}.Debug|x64.ActiveCfg = Debug|Any CPU
		{97CF5BE6-D337-469E-821E-5CDF7D52B367}.Debug|x64.Build.0 = Debug|Any CPU
		{97CF5BE6-D337-469E-821E-5CDF7D52B367}.Debug|x64.Deploy.0 = Debug|Any CPU
		{97CF5BE6-D337-469E-821E-5CDF7D52B367}.Debug|x86.ActiveCfg = Debug|Any CPU
		{97CF5BE6-D337-469E-821E-5CDF7D52B367}.Debug|x86.Build.0 = Debug|Any CPU
		{97CF5BE6-D337-469E-821E-5CDF7D52B367}.Debug|x86.Deploy.0 = Debug|Any CPU
		{97CF5BE6-D337-469E-821E-5CDF7D52B367}.Release|Any CPU.ActiveCfg = Release|Any CPU
		{97CF5BE6-D337-469E-821E-5CDF7D52B367}.Release|Any CPU.Build.0 = Release|Any CPU
		{97CF5BE6-D337-469E-821E-5CDF7D52B367}.Release|Any CPU.Deploy.0 = Release|Any CPU
		{97CF5BE6-D337-469E-821E-5CDF7D52B367}.Release|ARM.ActiveCfg = Release|Any CPU
		{97CF5BE6-D337-469E-821E-5CDF7D52B367}.Release|ARM.Build.0 = Release|Any CPU
		{97CF5BE6-D337-469E-821E-5CDF7D52B367}.Release|ARM.Deploy.0 = Release|Any CPU
		{97CF5BE6-D337-469E-821E-5CDF7D52B367}.Release|iPhone.ActiveCfg = Release|Any CPU
		{97CF5BE6-D337-469E-821E-5CDF7D52B367}.Release|iPhone.Build.0 = Release|Any CPU
		{97CF5BE6-D337-469E-821E-5CDF7D52B367}.Release|iPhone.Deploy.0 = Release|Any CPU
		{97CF5BE6-D337-469E-821E-5CDF7D52B367}.Release|iPhoneSimulator.ActiveCfg = Release|Any CPU
		{97CF5BE6-D337-469E-821E-5CDF7D52B367}.Release|iPhoneSimulator.Build.0 = Release|Any CPU
		{97CF5BE6-D337-469E-821E-5CDF7D52B367}.Release|iPhoneSimulator.Deploy.0 = Release|Any CPU
		{97CF5BE6-D337-469E-821E-5CDF7D52B367}.Release|x64.ActiveCfg = Release|Any CPU
		{97CF5BE6-D337-469E-821E-5CDF7D52B367}.Release|x64.Build.0 = Release|Any CPU
		{97CF5BE6-D337-469E-821E-5CDF7D52B367}.Release|x64.Deploy.0 = Release|Any CPU
		{97CF5BE6-D337-469E-821E-5CDF7D52B367}.Release|x86.ActiveCfg = Release|Any CPU
		{97CF5BE6-D337-469E-821E-5CDF7D52B367}.Release|x86.Build.0 = Release|Any CPU
		{97CF5BE6-D337-469E-821E-5CDF7D52B367}.Release|x86.Deploy.0 = Release|Any CPU
	EndGlobalSection
	GlobalSection(SolutionProperties) = preSolution
		HideSolutionNode = FALSE
	EndGlobalSection
	GlobalSection(ExtensibilityGlobals) = postSolution
		SolutionGuid = {434D98D0-427B-41C0-A070-50CE17D90C5F}
	EndGlobalSection
EndGlobal
